// !$*UTF8*$!
{
	archiveVersion = 1;
	classes = {
	};
	objectVersion = 50;
	objects = {

/* Begin PBXBuildFile section */
		426C05B520CD306F00E0BFB6 /* CityTableViewCell.swift in Sources */ = {isa = PBXBuildFile; fileRef = 426C05B320CD306F00E0BFB6 /* CityTableViewCell.swift */; };
		426C05B620CD306F00E0BFB6 /* CityTableViewCell.xib in Resources */ = {isa = PBXBuildFile; fileRef = 426C05B420CD306F00E0BFB6 /* CityTableViewCell.xib */; };
		428DA77520CBAB7700A5B0C8 /* AppDelegate.swift in Sources */ = {isa = PBXBuildFile; fileRef = 428DA77420CBAB7700A5B0C8 /* AppDelegate.swift */; };
		428DA77720CBAB7700A5B0C8 /* MainViewController.swift in Sources */ = {isa = PBXBuildFile; fileRef = 428DA77620CBAB7700A5B0C8 /* MainViewController.swift */; };
		428DA77A20CBAB7700A5B0C8 /* Main.storyboard in Resources */ = {isa = PBXBuildFile; fileRef = 428DA77820CBAB7700A5B0C8 /* Main.storyboard */; };
		428DA77C20CBAB7A00A5B0C8 /* Assets.xcassets in Resources */ = {isa = PBXBuildFile; fileRef = 428DA77B20CBAB7A00A5B0C8 /* Assets.xcassets */; };
		428DA77F20CBAB7A00A5B0C8 /* LaunchScreen.storyboard in Resources */ = {isa = PBXBuildFile; fileRef = 428DA77D20CBAB7A00A5B0C8 /* LaunchScreen.storyboard */; };
		428DA78F20CBAEDF00A5B0C8 /* CitiesData.swift in Sources */ = {isa = PBXBuildFile; fileRef = 428DA78D20CBAEDF00A5B0C8 /* CitiesData.swift */; };
		428DA79020CBAEDF00A5B0C8 /* City.swift in Sources */ = {isa = PBXBuildFile; fileRef = 428DA78E20CBAEDF00A5B0C8 /* City.swift */; };
		428DA79220CBB06E00A5B0C8 /* DetailsViewController.swift in Sources */ = {isa = PBXBuildFile; fileRef = 428DA79120CBB06E00A5B0C8 /* DetailsViewController.swift */; };
		428DA79420CBBB6900A5B0C8 /* Forecast.swift in Sources */ = {isa = PBXBuildFile; fileRef = 428DA79320CBBB6900A5B0C8 /* Forecast.swift */; };
		428DA79A20CBE26A00A5B0C8 /* HeaderTableViewCell.swift in Sources */ = {isa = PBXBuildFile; fileRef = 428DA79820CBE26A00A5B0C8 /* HeaderTableViewCell.swift */; };
		428DA79B20CBE26A00A5B0C8 /* HeaderTableViewCell.xib in Resources */ = {isa = PBXBuildFile; fileRef = 428DA79920CBE26A00A5B0C8 /* HeaderTableViewCell.xib */; };
		428DA79E20CBE2AC00A5B0C8 /* ForecastTextTableViewCell.swift in Sources */ = {isa = PBXBuildFile; fileRef = 428DA79C20CBE2AC00A5B0C8 /* ForecastTextTableViewCell.swift */; };
		428DA79F20CBE2AC00A5B0C8 /* ForecastTextTableViewCell.xib in Resources */ = {isa = PBXBuildFile; fileRef = 428DA79D20CBE2AC00A5B0C8 /* ForecastTextTableViewCell.xib */; };
		428DA7A220CBE2C500A5B0C8 /* DailyForecastTableViewCell.swift in Sources */ = {isa = PBXBuildFile; fileRef = 428DA7A020CBE2C500A5B0C8 /* DailyForecastTableViewCell.swift */; };
		428DA7A320CBE2C500A5B0C8 /* DailyForecastTableViewCell.xib in Resources */ = {isa = PBXBuildFile; fileRef = 428DA7A120CBE2C500A5B0C8 /* DailyForecastTableViewCell.xib */; };
		428DA7A620CBE2D100A5B0C8 /* HourlyForecastTableViewCell.swift in Sources */ = {isa = PBXBuildFile; fileRef = 428DA7A420CBE2D100A5B0C8 /* HourlyForecastTableViewCell.swift */; };
		428DA7A720CBE2D100A5B0C8 /* HourlyForecastTableViewCell.xib in Resources */ = {isa = PBXBuildFile; fileRef = 428DA7A520CBE2D100A5B0C8 /* HourlyForecastTableViewCell.xib */; };
		428DA7AF20CBE32C00A5B0C8 /* ExtraInformationTableViewCell.swift in Sources */ = {isa = PBXBuildFile; fileRef = 428DA7AD20CBE32C00A5B0C8 /* ExtraInformationTableViewCell.swift */; };
		428DA7B020CBE32C00A5B0C8 /* ExtraInformationTableViewCell.xib in Resources */ = {isa = PBXBuildFile; fileRef = 428DA7AE20CBE32C00A5B0C8 /* ExtraInformationTableViewCell.xib */; };
		428DA7B620CC78EC00A5B0C8 /* Extensions.swift in Sources */ = {isa = PBXBuildFile; fileRef = 428DA7B520CC78EC00A5B0C8 /* Extensions.swift */; };
		4619E8F922975B3F4370E88A /* Pods_iOS_summer_final.framework in Frameworks */ = {isa = PBXBuildFile; fileRef = 0BCE25281DE159FFBAEE4F3F /* Pods_iOS_summer_final.framework */; };
/* End PBXBuildFile section */

/* Begin PBXFileReference section */
		0BCE25281DE159FFBAEE4F3F /* Pods_iOS_summer_final.framework */ = {isa = PBXFileReference; explicitFileType = wrapper.framework; includeInIndex = 0; path = Pods_iOS_summer_final.framework; sourceTree = BUILT_PRODUCTS_DIR; };
		426C05B320CD306F00E0BFB6 /* CityTableViewCell.swift */ = {isa = PBXFileReference; lastKnownFileType = sourcecode.swift; path = CityTableViewCell.swift; sourceTree = "<group>"; };
		426C05B420CD306F00E0BFB6 /* CityTableViewCell.xib */ = {isa = PBXFileReference; lastKnownFileType = file.xib; path = CityTableViewCell.xib; sourceTree = "<group>"; };
		428DA77120CBAB7700A5B0C8 /* iOS-summer-final.app */ = {isa = PBXFileReference; explicitFileType = wrapper.application; includeInIndex = 0; path = "iOS-summer-final.app"; sourceTree = BUILT_PRODUCTS_DIR; };
		428DA77420CBAB7700A5B0C8 /* AppDelegate.swift */ = {isa = PBXFileReference; lastKnownFileType = sourcecode.swift; path = AppDelegate.swift; sourceTree = "<group>"; };
		428DA77620CBAB7700A5B0C8 /* MainViewController.swift */ = {isa = PBXFileReference; lastKnownFileType = sourcecode.swift; path = MainViewController.swift; sourceTree = "<group>"; };
		428DA77920CBAB7700A5B0C8 /* Base */ = {isa = PBXFileReference; lastKnownFileType = file.storyboard; name = Base; path = Base.lproj/Main.storyboard; sourceTree = "<group>"; };
		428DA77B20CBAB7A00A5B0C8 /* Assets.xcassets */ = {isa = PBXFileReference; lastKnownFileType = folder.assetcatalog; path = Assets.xcassets; sourceTree = "<group>"; };
		428DA77E20CBAB7A00A5B0C8 /* Base */ = {isa = PBXFileReference; lastKnownFileType = file.storyboard; name = Base; path = Base.lproj/LaunchScreen.storyboard; sourceTree = "<group>"; };
		428DA78020CBAB7A00A5B0C8 /* Info.plist */ = {isa = PBXFileReference; lastKnownFileType = text.plist.xml; path = Info.plist; sourceTree = "<group>"; };
		428DA78D20CBAEDF00A5B0C8 /* CitiesData.swift */ = {isa = PBXFileReference; fileEncoding = 4; lastKnownFileType = sourcecode.swift; path = CitiesData.swift; sourceTree = "<group>"; };
		428DA78E20CBAEDF00A5B0C8 /* City.swift */ = {isa = PBXFileReference; fileEncoding = 4; lastKnownFileType = sourcecode.swift; path = City.swift; sourceTree = "<group>"; };
		428DA79120CBB06E00A5B0C8 /* DetailsViewController.swift */ = {isa = PBXFileReference; lastKnownFileType = sourcecode.swift; path = DetailsViewController.swift; sourceTree = "<group>"; };
		428DA79320CBBB6900A5B0C8 /* Forecast.swift */ = {isa = PBXFileReference; lastKnownFileType = sourcecode.swift; path = Forecast.swift; sourceTree = "<group>"; };
		428DA79820CBE26A00A5B0C8 /* HeaderTableViewCell.swift */ = {isa = PBXFileReference; lastKnownFileType = sourcecode.swift; path = HeaderTableViewCell.swift; sourceTree = "<group>"; };
		428DA79920CBE26A00A5B0C8 /* HeaderTableViewCell.xib */ = {isa = PBXFileReference; lastKnownFileType = file.xib; path = HeaderTableViewCell.xib; sourceTree = "<group>"; };
		428DA79C20CBE2AC00A5B0C8 /* ForecastTextTableViewCell.swift */ = {isa = PBXFileReference; lastKnownFileType = sourcecode.swift; path = ForecastTextTableViewCell.swift; sourceTree = "<group>"; };
		428DA79D20CBE2AC00A5B0C8 /* ForecastTextTableViewCell.xib */ = {isa = PBXFileReference; lastKnownFileType = file.xib; path = ForecastTextTableViewCell.xib; sourceTree = "<group>"; };
		428DA7A020CBE2C500A5B0C8 /* DailyForecastTableViewCell.swift */ = {isa = PBXFileReference; lastKnownFileType = sourcecode.swift; path = DailyForecastTableViewCell.swift; sourceTree = "<group>"; };
		428DA7A120CBE2C500A5B0C8 /* DailyForecastTableViewCell.xib */ = {isa = PBXFileReference; lastKnownFileType = file.xib; path = DailyForecastTableViewCell.xib; sourceTree = "<group>"; };
		428DA7A420CBE2D100A5B0C8 /* HourlyForecastTableViewCell.swift */ = {isa = PBXFileReference; lastKnownFileType = sourcecode.swift; path = HourlyForecastTableViewCell.swift; sourceTree = "<group>"; };
		428DA7A520CBE2D100A5B0C8 /* HourlyForecastTableViewCell.xib */ = {isa = PBXFileReference; lastKnownFileType = file.xib; path = HourlyForecastTableViewCell.xib; sourceTree = "<group>"; };
		428DA7AD20CBE32C00A5B0C8 /* ExtraInformationTableViewCell.swift */ = {isa = PBXFileReference; lastKnownFileType = sourcecode.swift; path = ExtraInformationTableViewCell.swift; sourceTree = "<group>"; };
		428DA7AE20CBE32C00A5B0C8 /* ExtraInformationTableViewCell.xib */ = {isa = PBXFileReference; lastKnownFileType = file.xib; path = ExtraInformationTableViewCell.xib; sourceTree = "<group>"; };
		428DA7B520CC78EC00A5B0C8 /* Extensions.swift */ = {isa = PBXFileReference; lastKnownFileType = sourcecode.swift; path = Extensions.swift; sourceTree = "<group>"; };
		6C1008EB4EB6643548111D7A /* Pods-iOS-summer-final.debug.xcconfig */ = {isa = PBXFileReference; includeInIndex = 1; lastKnownFileType = text.xcconfig; name = "Pods-iOS-summer-final.debug.xcconfig"; path = "Pods/Target Support Files/Pods-iOS-summer-final/Pods-iOS-summer-final.debug.xcconfig"; sourceTree = "<group>"; };
		DE92BD917574C32B570D5CA4 /* Pods-iOS-summer-final.release.xcconfig */ = {isa = PBXFileReference; includeInIndex = 1; lastKnownFileType = text.xcconfig; name = "Pods-iOS-summer-final.release.xcconfig"; path = "Pods/Target Support Files/Pods-iOS-summer-final/Pods-iOS-summer-final.release.xcconfig"; sourceTree = "<group>"; };
/* End PBXFileReference section */

/* Begin PBXFrameworksBuildPhase section */
		428DA76E20CBAB7700A5B0C8 /* Frameworks */ = {
			isa = PBXFrameworksBuildPhase;
			buildActionMask = 2147483647;
			files = (
				4619E8F922975B3F4370E88A /* Pods_iOS_summer_final.framework in Frameworks */,
			);
			runOnlyForDeploymentPostprocessing = 0;
		};
/* End PBXFrameworksBuildPhase section */

/* Begin PBXGroup section */
		15B29C83BE0EB70E06A5A51B /* Frameworks */ = {
			isa = PBXGroup;
			children = (
				0BCE25281DE159FFBAEE4F3F /* Pods_iOS_summer_final.framework */,
			);
			name = Frameworks;
			sourceTree = "<group>";
		};
		426C05B220CD305800E0BFB6 /* City */ = {
			isa = PBXGroup;
			children = (
				426C05B320CD306F00E0BFB6 /* CityTableViewCell.swift */,
				426C05B420CD306F00E0BFB6 /* CityTableViewCell.xib */,
			);
			path = City;
			sourceTree = "<group>";
		};
		428DA76820CBAB7700A5B0C8 = {
			isa = PBXGroup;
			children = (
				428DA77320CBAB7700A5B0C8 /* iOS-summer-final */,
				428DA77220CBAB7700A5B0C8 /* Products */,
				79271E79210C557EF4B40F82 /* Pods */,
				15B29C83BE0EB70E06A5A51B /* Frameworks */,
			);
			sourceTree = "<group>";
		};
		428DA77220CBAB7700A5B0C8 /* Products */ = {
			isa = PBXGroup;
			children = (
				428DA77120CBAB7700A5B0C8 /* iOS-summer-final.app */,
			);
			name = Products;
			sourceTree = "<group>";
		};
		428DA77320CBAB7700A5B0C8 /* iOS-summer-final */ = {
			isa = PBXGroup;
			children = (
				428DA7B420CC78D600A5B0C8 /* Constants */,
				428DA78820CBAC0500A5B0C8 /* Controllers */,
				428DA78720CBAC0100A5B0C8 /* Views */,
				428DA78620CBABFB00A5B0C8 /* Models */,
				428DA77420CBAB7700A5B0C8 /* AppDelegate.swift */,
				428DA77B20CBAB7A00A5B0C8 /* Assets.xcassets */,
				428DA78020CBAB7A00A5B0C8 /* Info.plist */,
			);
			path = "iOS-summer-final";
			sourceTree = "<group>";
		};
		428DA78620CBABFB00A5B0C8 /* Models */ = {
			isa = PBXGroup;
			children = (
				428DA78D20CBAEDF00A5B0C8 /* CitiesData.swift */,
				428DA78E20CBAEDF00A5B0C8 /* City.swift */,
				428DA79320CBBB6900A5B0C8 /* Forecast.swift */,
			);
			path = Models;
			sourceTree = "<group>";
		};
		428DA78720CBAC0100A5B0C8 /* Views */ = {
			isa = PBXGroup;
			children = (
				428DA79520CBE1A100A5B0C8 /* Cells */,
				428DA77D20CBAB7A00A5B0C8 /* LaunchScreen.storyboard */,
				428DA77820CBAB7700A5B0C8 /* Main.storyboard */,
			);
			path = Views;
			sourceTree = "<group>";
		};
		428DA78820CBAC0500A5B0C8 /* Controllers */ = {
			isa = PBXGroup;
			children = (
				428DA77620CBAB7700A5B0C8 /* MainViewController.swift */,
				428DA79120CBB06E00A5B0C8 /* DetailsViewController.swift */,
			);
			path = Controllers;
			sourceTree = "<group>";
		};
		428DA79520CBE1A100A5B0C8 /* Cells */ = {
			isa = PBXGroup;
			children = (
				426C05B220CD305800E0BFB6 /* City */,
				428DA7A820CBE2D700A5B0C8 /* Header */,
				428DA7A920CBE2E200A5B0C8 /* ForecastText */,
				428DA7AB20CBE2F600A5B0C8 /* HourlyForecast */,
				428DA7AA20CBE2ED00A5B0C8 /* DailyForecast */,
				428DA7AC20CBE31500A5B0C8 /* Extra */,
			);
			path = Cells;
			sourceTree = "<group>";
		};
		428DA7A820CBE2D700A5B0C8 /* Header */ = {
			isa = PBXGroup;
			children = (
				428DA79820CBE26A00A5B0C8 /* HeaderTableViewCell.swift */,
				428DA79920CBE26A00A5B0C8 /* HeaderTableViewCell.xib */,
			);
			path = Header;
			sourceTree = "<group>";
		};
		428DA7A920CBE2E200A5B0C8 /* ForecastText */ = {
			isa = PBXGroup;
			children = (
				428DA79C20CBE2AC00A5B0C8 /* ForecastTextTableViewCell.swift */,
				428DA79D20CBE2AC00A5B0C8 /* ForecastTextTableViewCell.xib */,
			);
			path = ForecastText;
			sourceTree = "<group>";
		};
		428DA7AA20CBE2ED00A5B0C8 /* DailyForecast */ = {
			isa = PBXGroup;
			children = (
				428DA7A020CBE2C500A5B0C8 /* DailyForecastTableViewCell.swift */,
				428DA7A120CBE2C500A5B0C8 /* DailyForecastTableViewCell.xib */,
			);
			path = DailyForecast;
			sourceTree = "<group>";
		};
		428DA7AB20CBE2F600A5B0C8 /* HourlyForecast */ = {
			isa = PBXGroup;
			children = (
				428DA7A420CBE2D100A5B0C8 /* HourlyForecastTableViewCell.swift */,
				428DA7A520CBE2D100A5B0C8 /* HourlyForecastTableViewCell.xib */,
			);
			path = HourlyForecast;
			sourceTree = "<group>";
		};
		428DA7AC20CBE31500A5B0C8 /* Extra */ = {
			isa = PBXGroup;
			children = (
				428DA7AD20CBE32C00A5B0C8 /* ExtraInformationTableViewCell.swift */,
				428DA7AE20CBE32C00A5B0C8 /* ExtraInformationTableViewCell.xib */,
			);
			path = Extra;
			sourceTree = "<group>";
		};
		428DA7B420CC78D600A5B0C8 /* Constants */ = {
			isa = PBXGroup;
			children = (
				428DA7B520CC78EC00A5B0C8 /* Extensions.swift */,
			);
			path = Constants;
			sourceTree = "<group>";
		};
		79271E79210C557EF4B40F82 /* Pods */ = {
			isa = PBXGroup;
			children = (
				6C1008EB4EB6643548111D7A /* Pods-iOS-summer-final.debug.xcconfig */,
				DE92BD917574C32B570D5CA4 /* Pods-iOS-summer-final.release.xcconfig */,
			);
			name = Pods;
			sourceTree = "<group>";
		};
/* End PBXGroup section */

/* Begin PBXNativeTarget section */
		428DA77020CBAB7700A5B0C8 /* iOS-summer-final */ = {
			isa = PBXNativeTarget;
			buildConfigurationList = 428DA78320CBAB7A00A5B0C8 /* Build configuration list for PBXNativeTarget "iOS-summer-final" */;
			buildPhases = (
				2F32920115BC7CF4EA81BED7 /* [CP] Check Pods Manifest.lock */,
				428DA76D20CBAB7700A5B0C8 /* Sources */,
				428DA76E20CBAB7700A5B0C8 /* Frameworks */,
				428DA76F20CBAB7700A5B0C8 /* Resources */,
				D6BAD830AD81206052F777FE /* [CP] Embed Pods Frameworks */,
			);
			buildRules = (
			);
			dependencies = (
			);
			name = "iOS-summer-final";
			productName = "iOS-summer-final";
			productReference = 428DA77120CBAB7700A5B0C8 /* iOS-summer-final.app */;
			productType = "com.apple.product-type.application";
		};
/* End PBXNativeTarget section */

/* Begin PBXProject section */
		428DA76920CBAB7700A5B0C8 /* Project object */ = {
			isa = PBXProject;
			attributes = {
				LastSwiftUpdateCheck = 0940;
				LastUpgradeCheck = 0940;
				ORGANIZATIONNAME = Ernoul;
				TargetAttributes = {
					428DA77020CBAB7700A5B0C8 = {
						CreatedOnToolsVersion = 9.4;
					};
				};
			};
			buildConfigurationList = 428DA76C20CBAB7700A5B0C8 /* Build configuration list for PBXProject "iOS-summer-final" */;
			compatibilityVersion = "Xcode 9.3";
			developmentRegion = en;
			hasScannedForEncodings = 0;
			knownRegions = (
				en,
				Base,
			);
			mainGroup = 428DA76820CBAB7700A5B0C8;
			productRefGroup = 428DA77220CBAB7700A5B0C8 /* Products */;
			projectDirPath = "";
			projectRoot = "";
			targets = (
				428DA77020CBAB7700A5B0C8 /* iOS-summer-final */,
			);
		};
/* End PBXProject section */

/* Begin PBXResourcesBuildPhase section */
		428DA76F20CBAB7700A5B0C8 /* Resources */ = {
			isa = PBXResourcesBuildPhase;
			buildActionMask = 2147483647;
			files = (
				428DA79F20CBE2AC00A5B0C8 /* ForecastTextTableViewCell.xib in Resources */,
				428DA77F20CBAB7A00A5B0C8 /* LaunchScreen.storyboard in Resources */,
				428DA7A720CBE2D100A5B0C8 /* HourlyForecastTableViewCell.xib in Resources */,
				428DA77C20CBAB7A00A5B0C8 /* Assets.xcassets in Resources */,
				428DA79B20CBE26A00A5B0C8 /* HeaderTableViewCell.xib in Resources */,
				428DA7B020CBE32C00A5B0C8 /* ExtraInformationTableViewCell.xib in Resources */,
				428DA7A320CBE2C500A5B0C8 /* DailyForecastTableViewCell.xib in Resources */,
				426C05B620CD306F00E0BFB6 /* CityTableViewCell.xib in Resources */,
				428DA77A20CBAB7700A5B0C8 /* Main.storyboard in Resources */,
			);
			runOnlyForDeploymentPostprocessing = 0;
		};
/* End PBXResourcesBuildPhase section */

/* Begin PBXShellScriptBuildPhase section */
		2F32920115BC7CF4EA81BED7 /* [CP] Check Pods Manifest.lock */ = {
			isa = PBXShellScriptBuildPhase;
			buildActionMask = 2147483647;
			files = (
			);
			inputPaths = (
				"${PODS_PODFILE_DIR_PATH}/Podfile.lock",
				"${PODS_ROOT}/Manifest.lock",
			);
			name = "[CP] Check Pods Manifest.lock";
			outputPaths = (
				"$(DERIVED_FILE_DIR)/Pods-iOS-summer-final-checkManifestLockResult.txt",
			);
			runOnlyForDeploymentPostprocessing = 0;
			shellPath = /bin/sh;
			shellScript = "diff \"${PODS_PODFILE_DIR_PATH}/Podfile.lock\" \"${PODS_ROOT}/Manifest.lock\" > /dev/null\nif [ $? != 0 ] ; then\n    # print error to STDERR\n    echo \"error: The sandbox is not in sync with the Podfile.lock. Run 'pod install' or update your CocoaPods installation.\" >&2\n    exit 1\nfi\n# This output is used by Xcode 'outputs' to avoid re-running this script phase.\necho \"SUCCESS\" > \"${SCRIPT_OUTPUT_FILE_0}\"\n";
			showEnvVarsInLog = 0;
		};
		D6BAD830AD81206052F777FE /* [CP] Embed Pods Frameworks */ = {
			isa = PBXShellScriptBuildPhase;
			buildActionMask = 2147483647;
			files = (
			);
			inputPaths = (
				"${SRCROOT}/Pods/Target Support Files/Pods-iOS-summer-final/Pods-iOS-summer-final-frameworks.sh",
				"${BUILT_PRODUCTS_DIR}/Alamofire/Alamofire.framework",
				"${BUILT_PRODUCTS_DIR}/SwiftyJSON/SwiftyJSON.framework",
			);
			name = "[CP] Embed Pods Frameworks";
			outputPaths = (
				"${TARGET_BUILD_DIR}/${FRAMEWORKS_FOLDER_PATH}/Alamofire.framework",
				"${TARGET_BUILD_DIR}/${FRAMEWORKS_FOLDER_PATH}/SwiftyJSON.framework",
			);
			runOnlyForDeploymentPostprocessing = 0;
			shellPath = /bin/sh;
			shellScript = "\"${SRCROOT}/Pods/Target Support Files/Pods-iOS-summer-final/Pods-iOS-summer-final-frameworks.sh\"\n";
			showEnvVarsInLog = 0;
		};
/* End PBXShellScriptBuildPhase section */

/* Begin PBXSourcesBuildPhase section */
		428DA76D20CBAB7700A5B0C8 /* Sources */ = {
			isa = PBXSourcesBuildPhase;
			buildActionMask = 2147483647;
			files = (
				428DA77720CBAB7700A5B0C8 /* MainViewController.swift in Sources */,
				428DA79E20CBE2AC00A5B0C8 /* ForecastTextTableViewCell.swift in Sources */,
				428DA7A220CBE2C500A5B0C8 /* DailyForecastTableViewCell.swift in Sources */,
				428DA7A620CBE2D100A5B0C8 /* HourlyForecastTableViewCell.swift in Sources */,
				428DA77520CBAB7700A5B0C8 /* AppDelegate.swift in Sources */,
				428DA79020CBAEDF00A5B0C8 /* City.swift in Sources */,
				428DA79A20CBE26A00A5B0C8 /* HeaderTableViewCell.swift in Sources */,
				428DA7B620CC78EC00A5B0C8 /* Extensions.swift in Sources */,
				426C05B520CD306F00E0BFB6 /* CityTableViewCell.swift in Sources */,
				428DA78F20CBAEDF00A5B0C8 /* CitiesData.swift in Sources */,
				428DA79420CBBB6900A5B0C8 /* Forecast.swift in Sources */,
				428DA7AF20CBE32C00A5B0C8 /* ExtraInformationTableViewCell.swift in Sources */,
				428DA79220CBB06E00A5B0C8 /* DetailsViewController.swift in Sources */,
			);
			runOnlyForDeploymentPostprocessing = 0;
		};
/* End PBXSourcesBuildPhase section */

/* Begin PBXVariantGroup section */
		428DA77820CBAB7700A5B0C8 /* Main.storyboard */ = {
			isa = PBXVariantGroup;
			children = (
				428DA77920CBAB7700A5B0C8 /* Base */,
			);
			name = Main.storyboard;
			sourceTree = "<group>";
		};
		428DA77D20CBAB7A00A5B0C8 /* LaunchScreen.storyboard */ = {
			isa = PBXVariantGroup;
			children = (
				428DA77E20CBAB7A00A5B0C8 /* Base */,
			);
			name = LaunchScreen.storyboard;
			sourceTree = "<group>";
		};
/* End PBXVariantGroup section */

/* Begin XCBuildConfiguration section */
		428DA78120CBAB7A00A5B0C8 /* Debug */ = {
			isa = XCBuildConfiguration;
			buildSettings = {
				ALWAYS_SEARCH_USER_PATHS = NO;
				CLANG_ANALYZER_NONNULL = YES;
				CLANG_ANALYZER_NUMBER_OBJECT_CONVERSION = YES_AGGRESSIVE;
				CLANG_CXX_LANGUAGE_STANDARD = "gnu++14";
				CLANG_CXX_LIBRARY = "libc++";
				CLANG_ENABLE_MODULES = YES;
				CLANG_ENABLE_OBJC_ARC = YES;
				CLANG_ENABLE_OBJC_WEAK = YES;
				CLANG_WARN_BLOCK_CAPTURE_AUTORELEASING = YES;
				CLANG_WARN_BOOL_CONVERSION = YES;
				CLANG_WARN_COMMA = YES;
				CLANG_WARN_CONSTANT_CONVERSION = YES;
				CLANG_WARN_DEPRECATED_OBJC_IMPLEMENTATIONS = YES;
				CLANG_WARN_DIRECT_OBJC_ISA_USAGE = YES_ERROR;
				CLANG_WARN_DOCUMENTATION_COMMENTS = YES;
				CLANG_WARN_EMPTY_BODY = YES;
				CLANG_WARN_ENUM_CONVERSION = YES;
				CLANG_WARN_INFINITE_RECURSION = YES;
				CLANG_WARN_INT_CONVERSION = YES;
				CLANG_WARN_NON_LITERAL_NULL_CONVERSION = YES;
				CLANG_WARN_OBJC_IMPLICIT_RETAIN_SELF = YES;
				CLANG_WARN_OBJC_LITERAL_CONVERSION = YES;
				CLANG_WARN_OBJC_ROOT_CLASS = YES_ERROR;
				CLANG_WARN_RANGE_LOOP_ANALYSIS = YES;
				CLANG_WARN_STRICT_PROTOTYPES = YES;
				CLANG_WARN_SUSPICIOUS_MOVE = YES;
				CLANG_WARN_UNGUARDED_AVAILABILITY = YES_AGGRESSIVE;
				CLANG_WARN_UNREACHABLE_CODE = YES;
				CLANG_WARN__DUPLICATE_METHOD_MATCH = YES;
				CODE_SIGN_IDENTITY = "iPhone Developer";
				COPY_PHASE_STRIP = NO;
				DEBUG_INFORMATION_FORMAT = dwarf;
				ENABLE_STRICT_OBJC_MSGSEND = YES;
				ENABLE_TESTABILITY = YES;
				GCC_C_LANGUAGE_STANDARD = gnu11;
				GCC_DYNAMIC_NO_PIC = NO;
				GCC_NO_COMMON_BLOCKS = YES;
				GCC_OPTIMIZATION_LEVEL = 0;
				GCC_PREPROCESSOR_DEFINITIONS = (
					"DEBUG=1",
					"$(inherited)",
				);
				GCC_WARN_64_TO_32_BIT_CONVERSION = YES;
				GCC_WARN_ABOUT_RETURN_TYPE = YES_ERROR;
				GCC_WARN_UNDECLARED_SELECTOR = YES;
				GCC_WARN_UNINITIALIZED_AUTOS = YES_AGGRESSIVE;
				GCC_WARN_UNUSED_FUNCTION = YES;
				GCC_WARN_UNUSED_VARIABLE = YES;
				IPHONEOS_DEPLOYMENT_TARGET = 11.4;
				MTL_ENABLE_DEBUG_INFO = YES;
				ONLY_ACTIVE_ARCH = YES;
				SDKROOT = iphoneos;
				SWIFT_ACTIVE_COMPILATION_CONDITIONS = DEBUG;
				SWIFT_OPTIMIZATION_LEVEL = "-Onone";
			};
			name = Debug;
		};
		428DA78220CBAB7A00A5B0C8 /* Release */ = {
			isa = XCBuildConfiguration;
			buildSettings = {
				ALWAYS_SEARCH_USER_PATHS = NO;
				CLANG_ANALYZER_NONNULL = YES;
				CLANG_ANALYZER_NUMBER_OBJECT_CONVERSION = YES_AGGRESSIVE;
				CLANG_CXX_LANGUAGE_STANDARD = "gnu++14";
				CLANG_CXX_LIBRARY = "libc++";
				CLANG_ENABLE_MODULES = YES;
				CLANG_ENABLE_OBJC_ARC = YES;
				CLANG_ENABLE_OBJC_WEAK = YES;
				CLANG_WARN_BLOCK_CAPTURE_AUTORELEASING = YES;
				CLANG_WARN_BOOL_CONVERSION = YES;
				CLANG_WARN_COMMA = YES;
				CLANG_WARN_CONSTANT_CONVERSION = YES;
				CLANG_WARN_DEPRECATED_OBJC_IMPLEMENTATIONS = YES;
				CLANG_WARN_DIRECT_OBJC_ISA_USAGE = YES_ERROR;
				CLANG_WARN_DOCUMENTATION_COMMENTS = YES;
				CLANG_WARN_EMPTY_BODY = YES;
				CLANG_WARN_ENUM_CONVERSION = YES;
				CLANG_WARN_INFINITE_RECURSION = YES;
				CLANG_WARN_INT_CONVERSION = YES;
				CLANG_WARN_NON_LITERAL_NULL_CONVERSION = YES;
				CLANG_WARN_OBJC_IMPLICIT_RETAIN_SELF = YES;
				CLANG_WARN_OBJC_LITERAL_CONVERSION = YES;
				CLANG_WARN_OBJC_ROOT_CLASS = YES_ERROR;
				CLANG_WARN_RANGE_LOOP_ANALYSIS = YES;
				CLANG_WARN_STRICT_PROTOTYPES = YES;
				CLANG_WARN_SUSPICIOUS_MOVE = YES;
				CLANG_WARN_UNGUARDED_AVAILABILITY = YES_AGGRESSIVE;
				CLANG_WARN_UNREACHABLE_CODE = YES;
				CLANG_WARN__DUPLICATE_METHOD_MATCH = YES;
				CODE_SIGN_IDENTITY = "iPhone Developer";
				COPY_PHASE_STRIP = NO;
				DEBUG_INFORMATION_FORMAT = "dwarf-with-dsym";
				ENABLE_NS_ASSERTIONS = NO;
				ENABLE_STRICT_OBJC_MSGSEND = YES;
				GCC_C_LANGUAGE_STANDARD = gnu11;
				GCC_NO_COMMON_BLOCKS = YES;
				GCC_WARN_64_TO_32_BIT_CONVERSION = YES;
				GCC_WARN_ABOUT_RETURN_TYPE = YES_ERROR;
				GCC_WARN_UNDECLARED_SELECTOR = YES;
				GCC_WARN_UNINITIALIZED_AUTOS = YES_AGGRESSIVE;
				GCC_WARN_UNUSED_FUNCTION = YES;
				GCC_WARN_UNUSED_VARIABLE = YES;
				IPHONEOS_DEPLOYMENT_TARGET = 11.4;
				MTL_ENABLE_DEBUG_INFO = NO;
				SDKROOT = iphoneos;
				SWIFT_COMPILATION_MODE = wholemodule;
				SWIFT_OPTIMIZATION_LEVEL = "-O";
				VALIDATE_PRODUCT = YES;
			};
			name = Release;
		};
		428DA78420CBAB7A00A5B0C8 /* Debug */ = {
			isa = XCBuildConfiguration;
			baseConfigurationReference = 6C1008EB4EB6643548111D7A /* Pods-iOS-summer-final.debug.xcconfig */;
			buildSettings = {
				ASSETCATALOG_COMPILER_APPICON_NAME = AppIcon;
				CODE_SIGN_STYLE = Automatic;
				DEVELOPMENT_TEAM = 5CD2TKDK76;
				INFOPLIST_FILE = "iOS-summer-final/Info.plist";
				LD_RUNPATH_SEARCH_PATHS = (
					"$(inherited)",
					"@executable_path/Frameworks",
				);
				PRODUCT_BUNDLE_IDENTIFIER = "nehrr.iOS-summer-final";
				PRODUCT_NAME = "$(TARGET_NAME)";
				SWIFT_VERSION = 4.0;
				TARGETED_DEVICE_FAMILY = "1,2";
			};
			name = Debug;
		};
		428DA78520CBAB7A00A5B0C8 /* Release */ = {
			isa = XCBuildConfiguration;
			baseConfigurationReference = DE92BD917574C32B570D5CA4 /* Pods-iOS-summer-final.release.xcconfig */;
			buildSettings = {
				ASSETCATALOG_COMPILER_APPICON_NAME = AppIcon;
				CODE_SIGN_STYLE = Automatic;
				DEVELOPMENT_TEAM = 5CD2TKDK76;
				INFOPLIST_FILE = "iOS-summer-final/Info.plist";
				LD_RUNPATH_SEARCH_PATHS = (
					"$(inherited)",
					"@executable_path/Frameworks",
				);
				PRODUCT_BUNDLE_IDENTIFIER = "nehrr.iOS-summer-final";
				PRODUCT_NAME = "$(TARGET_NAME)";
				SWIFT_VERSION = 4.0;
				TARGETED_DEVICE_FAMILY = "1,2";
			};
			name = Release;
		};
/* End XCBuildConfiguration section */

/* Begin XCConfigurationList section */
		428DA76C20CBAB7700A5B0C8 /* Build configuration list for PBXProject "iOS-summer-final" */ = {
			isa = XCConfigurationList;
			buildConfigurations = (
				428DA78120CBAB7A00A5B0C8 /* Debug */,
				428DA78220CBAB7A00A5B0C8 /* Release */,
			);
			defaultConfigurationIsVisible = 0;
			defaultConfigurationName = Release;
		};
		428DA78320CBAB7A00A5B0C8 /* Build configuration list for PBXNativeTarget "iOS-summer-final" */ = {
			isa = XCConfigurationList;
			buildConfigurations = (
				428DA78420CBAB7A00A5B0C8 /* Debug */,
				428DA78520CBAB7A00A5B0C8 /* Release */,
			);
			defaultConfigurationIsVisible = 0;
			defaultConfigurationName = Release;
		};
/* End XCConfigurationList section */
	};
	rootObject = 428DA76920CBAB7700A5B0C8 /* Project object */;
}
